
Microsoft Visual Studio Solution File, Format Version 12.00
# Visual Studio Version 17
VisualStudioVersion = 17.5.33530.505
MinimumVisualStudioVersion = 10.0.40219.1
Project("{2150E333-8FDC-42A3-9474-1A3956D46DE8}") = "Documents", "Documents", "{22129417-6F74-4E19-89FE-DD2436BBFF64}"
EndProject
Project("{2150E333-8FDC-42A3-9474-1A3956D46DE8}") = "Src", "Src", "{AFBA0EE0-222F-43E9-96A7-9B930BFB8017}"
EndProject
Project("{2150E333-8FDC-42A3-9474-1A3956D46DE8}") = "Test", "Test", "{7C4B1478-2B0E-449B-9B43-50D37A9B3D69}"
EndProject
Project("{2150E333-8FDC-42A3-9474-1A3956D46DE8}") = "Core", "Core", "{9C948C6A-E7E3-4F64-84E4-AD9358ED215B}"
EndProject
Project("{2150E333-8FDC-42A3-9474-1A3956D46DE8}") = "Infrastructure", "Infrastructure", "{10C9281D-6BA7-488A-B2D2-BBE6ADF3C250}"
EndProject
Project("{2150E333-8FDC-42A3-9474-1A3956D46DE8}") = "Presentation", "Presentation", "{A028CBE4-7566-4B8A-B330-50C998B724BE}"
EndProject
Project("{2150E333-8FDC-42A3-9474-1A3956D46DE8}") = "Common", "Common", "{4B2AB4CF-A5BE-4665-BDB0-69F170B06AAF}"
EndProject
Project("{FAE04EC0-301F-11D3-BF4B-00C04F79EFBC}") = "Store.Domain", "Store.Domain\Store.Domain.csproj", "{21E57844-767E-4D71-AC97-B7B14FD71883}"
EndProject
Project("{FAE04EC0-301F-11D3-BF4B-00C04F79EFBC}") = "Store.Application", "Store.Application\Store.Application.csproj", "{4AABFC67-E2D3-4CB5-9C41-2608A8595422}"
EndProject
Project("{FAE04EC0-301F-11D3-BF4B-00C04F79EFBC}") = "Store.Infrastructor", "Store.Infrastructor\Store.Infrastructor.csproj", "{6E9A5635-F7AC-417A-8177-C9F2B701221C}"
EndProject
Project("{FAE04EC0-301F-11D3-BF4B-00C04F79EFBC}") = "Store.Persistence", "Store.Persistence\Store.Persistence.csproj", "{33DBCDDC-92EB-4ECC-88C4-FC5121FDFDA9}"
EndProject
Project("{FAE04EC0-301F-11D3-BF4B-00C04F79EFBC}") = "Store.Common", "Store.Common\Store.Common.csproj", "{7323F3C4-26ED-4777-A98F-FB149AE898AB}"
EndProject
Project("{FAE04EC0-301F-11D3-BF4B-00C04F79EFBC}") = "Endpoint.Site", "Endpoint.Site\Endpoint.Site.csproj", "{AE9A6C70-7351-4C74-A0F3-C4F8FFCD37D5}"
EndProject
Global
	GlobalSection(SolutionConfigurationPlatforms) = preSolution
		Debug|Any CPU = Debug|Any CPU
		Release|Any CPU = Release|Any CPU
	EndGlobalSection
	GlobalSection(ProjectConfigurationPlatforms) = postSolution
		{21E57844-767E-4D71-AC97-B7B14FD71883}.Debug|Any CPU.ActiveCfg = Debug|Any CPU
		{21E57844-767E-4D71-AC97-B7B14FD71883}.Debug|Any CPU.Build.0 = Debug|Any CPU
		{21E57844-767E-4D71-AC97-B7B14FD71883}.Release|Any CPU.ActiveCfg = Release|Any CPU
		{21E57844-767E-4D71-AC97-B7B14FD71883}.Release|Any CPU.Build.0 = Release|Any CPU
		{4AABFC67-E2D3-4CB5-9C41-2608A8595422}.Debug|Any CPU.ActiveCfg = Debug|Any CPU
		{4AABFC67-E2D3-4CB5-9C41-2608A8595422}.Debug|Any CPU.Build.0 = Debug|Any CPU
		{4AABFC67-E2D3-4CB5-9C41-2608A8595422}.Release|Any CPU.ActiveCfg = Release|Any CPU
		{4AABFC67-E2D3-4CB5-9C41-2608A8595422}.Release|Any CPU.Build.0 = Release|Any CPU
		{6E9A5635-F7AC-417A-8177-C9F2B701221C}.Debug|Any CPU.ActiveCfg = Debug|Any CPU
		{6E9A5635-F7AC-417A-8177-C9F2B701221C}.Debug|Any CPU.Build.0 = Debug|Any CPU
		{6E9A5635-F7AC-417A-8177-C9F2B701221C}.Release|Any CPU.ActiveCfg = Release|Any CPU
		{6E9A5635-F7AC-417A-8177-C9F2B701221C}.Release|Any CPU.Build.0 = Release|Any CPU
		{33DBCDDC-92EB-4ECC-88C4-FC5121FDFDA9}.Debug|Any CPU.ActiveCfg = Debug|Any CPU
		{33DBCDDC-92EB-4ECC-88C4-FC5121FDFDA9}.Debug|Any CPU.Build.0 = Debug|Any CPU
		{33DBCDDC-92EB-4ECC-88C4-FC5121FDFDA9}.Release|Any CPU.ActiveCfg = Release|Any CPU
		{33DBCDDC-92EB-4ECC-88C4-FC5121FDFDA9}.Release|Any CPU.Build.0 = Release|Any CPU
		{7323F3C4-26ED-4777-A98F-FB149AE898AB}.Debug|Any CPU.ActiveCfg = Debug|Any CPU
		{7323F3C4-26ED-4777-A98F-FB149AE898AB}.Debug|Any CPU.Build.0 = Debug|Any CPU
		{7323F3C4-26ED-4777-A98F-FB149AE898AB}.Release|Any CPU.ActiveCfg = Release|Any CPU
		{7323F3C4-26ED-4777-A98F-FB149AE898AB}.Release|Any CPU.Build.0 = Release|Any CPU
		{AE9A6C70-7351-4C74-A0F3-C4F8FFCD37D5}.Debug|Any CPU.ActiveCfg = Debug|Any CPU
		{AE9A6C70-7351-4C74-A0F3-C4F8FFCD37D5}.Debug|Any CPU.Build.0 = Debug|Any CPU
		{AE9A6C70-7351-4C74-A0F3-C4F8FFCD37D5}.Release|Any CPU.ActiveCfg = Release|Any CPU
		{AE9A6C70-7351-4C74-A0F3-C4F8FFCD37D5}.Release|Any CPU.Build.0 = Release|Any CPU
	EndGlobalSection
	GlobalSection(SolutionProperties) = preSolution
		HideSolutionNode = FALSE
	EndGlobalSection
	GlobalSection(NestedProjects) = preSolution
		{9C948C6A-E7E3-4F64-84E4-AD9358ED215B} = {AFBA0EE0-222F-43E9-96A7-9B930BFB8017}
		{10C9281D-6BA7-488A-B2D2-BBE6ADF3C250} = {AFBA0EE0-222F-43E9-96A7-9B930BFB8017}
		{A028CBE4-7566-4B8A-B330-50C998B724BE} = {AFBA0EE0-222F-43E9-96A7-9B930BFB8017}
		{4B2AB4CF-A5BE-4665-BDB0-69F170B06AAF} = {AFBA0EE0-222F-43E9-96A7-9B930BFB8017}
		{21E57844-767E-4D71-AC97-B7B14FD71883} = {9C948C6A-E7E3-4F64-84E4-AD9358ED215B}
		{4AABFC67-E2D3-4CB5-9C41-2608A8595422} = {9C948C6A-E7E3-4F64-84E4-AD9358ED215B}
		{6E9A5635-F7AC-417A-8177-C9F2B701221C} = {10C9281D-6BA7-488A-B2D2-BBE6ADF3C250}
		{33DBCDDC-92EB-4ECC-88C4-FC5121FDFDA9} = {10C9281D-6BA7-488A-B2D2-BBE6ADF3C250}
		{7323F3C4-26ED-4777-A98F-FB149AE898AB} = {4B2AB4CF-A5BE-4665-BDB0-69F170B06AAF}
		{AE9A6C70-7351-4C74-A0F3-C4F8FFCD37D5} = {A028CBE4-7566-4B8A-B330-50C998B724BE}
	EndGlobalSection
	GlobalSection(ExtensibilityGlobals) = postSolution
		SolutionGuid = {951022E5-8AA5-4ABB-AE7A-E5A046AA5AF6}
	EndGlobalSection
EndGlobal
